
Microsoft Visual Studio Solution File, Format Version 12.00
# Visual Studio Version 17
VisualStudioVersion = 17.5.002.0
MinimumVisualStudioVersion = 10.0.40219.1
Project("{9A19103F-16F7-4668-BE54-9A1E7A4F7556}") = "MyRazorApp", "MyRazorApp.csproj", "{46E34233-17AF-4531-A42B-B6B886E6C46F}"
EndProject
Global
	GlobalSection(SolutionConfigurationPlatforms) = preSolution
		Debug|Any CPU = Debug|Any CPU
		Release|Any CPU = Release|Any CPU
	EndGlobalSection
	GlobalSection(ProjectConfigurationPlatforms) = postSolution
		{46E34233-17AF-4531-A42B-B6B886E6C46F}.Debug|Any CPU.ActiveCfg = Debug|Any CPU
		{46E34233-17AF-4531-A42B-B6B886E6C46F}.Debug|Any CPU.Build.0 = Debug|Any CPU
		{46E34233-17AF-4531-A42B-B6B886E6C46F}.Release|Any CPU.ActiveCfg = Release|Any CPU
		{46E34233-17AF-4531-A42B-B6B886E6C46F}.Release|Any CPU.Build.0 = Release|Any CPU
	EndGlobalSection
	GlobalSection(SolutionProperties) = preSolution
		HideSolutionNode = FALSE
	EndGlobalSection
	GlobalSection(ExtensibilityGlobals) = postSolution
		SolutionGuid = {3D5DC1A0-D5B6-4B8C-B280-347556EA5E38}
	EndGlobalSection
EndGlobal
